
Microsoft Visual Studio Solution File, Format Version 12.00
# Visual Studio Version 16
VisualStudioVersion = 16.0.28803.156
MinimumVisualStudioVersion = 10.0.40219.1
Project("{9A19103F-16F7-4668-BE54-9A1E7A4F7556}") = "SS.Rijndael.Cryptography", "SS.Rijndael.Cryptography\SS.Rijndael.Cryptography.csproj", "{13B1A3D0-03D2-4C6D-B264-5E5EA7E0A599}"
EndProject
Project("{9A19103F-16F7-4668-BE54-9A1E7A4F7556}") = "SS.Rijndael.Cryptography.UnitTests", "SS.Rijndael.Cryptography.UnitTests\SS.Rijndael.Cryptography.UnitTests.csproj", "{926142D8-E0E6-485B-B97B-442DAF3D3F33}"
EndProject
Project("{9A19103F-16F7-4668-BE54-9A1E7A4F7556}") = "SS.Common", "SS.Common\SS.Common.csproj", "{8EB9D8A1-6FF8-4914-9C61-5FF533CE1F1A}"
EndProject
Project("{2150E333-8FDC-42A3-9474-1A3956D46DE8}") = "Modules", "Modules", "{3119EA84-87AC-4132-8EC8-16EC29E3591E}"
EndProject
Project("{2150E333-8FDC-42A3-9474-1A3956D46DE8}") = "Users", "Users", "{9D5677D5-E217-481C-9CE8-9814091B5CA3}"
EndProject
Project("{9A19103F-16F7-4668-BE54-9A1E7A4F7556}") = "SS.Users.Application", "SS.User.Application\SS.Users.Application.csproj", "{D6C22E5C-E692-415B-B89A-CF499C20CCAD}"
EndProject
Project("{9A19103F-16F7-4668-BE54-9A1E7A4F7556}") = "SS.Users.Infrastructure", "SS.User.Infrastructure\SS.Users.Infrastructure.csproj", "{373764FA-A089-494E-9228-9B5B7E84D2F5}"
EndProject
Project("{9A19103F-16F7-4668-BE54-9A1E7A4F7556}") = "SS.Users.Domain", "SS.User.Domain\SS.Users.Domain.csproj", "{F6010089-4ADC-463D-8145-69B34B093DB2}"
EndProject
Project("{2150E333-8FDC-42A3-9474-1A3956D46DE8}") = "Rijandeal", "Rijandeal", "{3CE8E58B-52F6-48F4-BC20-4C544D709401}"
EndProject
Project("{2150E333-8FDC-42A3-9474-1A3956D46DE8}") = "Tests", "Tests", "{CB4A5D5D-630D-483F-A59C-518650F8D884}"
EndProject
Project("{9A19103F-16F7-4668-BE54-9A1E7A4F7556}") = "SS.IntegrationTests", "SS.IntegrationTests\SS.IntegrationTests.csproj", "{19E6D264-83AA-4B8C-8E53-A00E6AEECD16}"
EndProject
Project("{9A19103F-16F7-4668-BE54-9A1E7A4F7556}") = "SS.Users.Infrastructure.Tests", "SS.Users.Infrastructure.Tests\SS.Users.Infrastructure.Tests.csproj", "{420D341D-4C71-4798-963F-202ECBBB7160}"
EndProject
Project("{2150E333-8FDC-42A3-9474-1A3956D46DE8}") = "Common", "Common", "{E514B23F-0E0E-44FC-8A5F-CF7C87798BAD}"
EndProject
Project("{2150E333-8FDC-42A3-9474-1A3956D46DE8}") = "Infrastructure", "Infrastructure", "{5E7CD489-B23D-4C46-B635-7AD227C6AE34}"
EndProject
Project("{9A19103F-16F7-4668-BE54-9A1E7A4F7556}") = "SS.Infrastructure.KeyVault", "SS.Infrastructure.KeyVault\SS.Infrastructure.KeyVault.csproj", "{C183C4F2-8B20-4375-9A40-63FFFF29789F}"
EndProject
Project("{9A19103F-16F7-4668-BE54-9A1E7A4F7556}") = "SS.Organizations.Domain.Tests", "SS.Users.Domain.Tests\SS.Organizations.Domain.Tests.csproj", "{DB388D85-E0A0-41AD-B828-BC3ACBD23A24}"
EndProject
Project("{2150E333-8FDC-42A3-9474-1A3956D46DE8}") = "Collections", "Collections", "{D1D42FAC-AEDB-415E-B46C-A7F97FD85156}"
EndProject
Project("{9A19103F-16F7-4668-BE54-9A1E7A4F7556}") = "SS.Collections.Application", "SS.Collections.Application\SS.Collections.Application.csproj", "{0DF85742-D180-4599-A43D-BFAFFAC71351}"
EndProject
Project("{9A19103F-16F7-4668-BE54-9A1E7A4F7556}") = "SS.Collections.Domain", "SS.Collections.Domain\SS.Collections.Domain.csproj", "{34B0D203-38FF-472C-9A9A-8228F430F661}"
EndProject
Project("{9A19103F-16F7-4668-BE54-9A1E7A4F7556}") = "SS.Collections.Infrastructure", "SS.Collections. Infrastructure\SS.Collections.Infrastructure.csproj", "{F9A9DE3E-4514-4EB3-9FEE-48D203B63479}"
EndProject
Project("{9A19103F-16F7-4668-BE54-9A1E7A4F7556}") = "SS.Infrastructure.PagginationList", "SS.Infrastructure.PagginationList\SS.Infrastructure.PagginationList.csproj", "{9B99E7B8-CF25-434E-ABB0-4B16B2B1AE9F}"
EndProject
Project("{9A19103F-16F7-4668-BE54-9A1E7A4F7556}") = "SS.Api", "SS.Api\SS.Api.csproj", "{BAB51317-313C-4402-8849-F532C1DAEA3E}"
EndProject
Project("{2150E333-8FDC-42A3-9474-1A3956D46DE8}") = "Organizations", "Organizations", "{9BC1727A-75B7-408C-9BD9-B1C854F77DD0}"
EndProject
Project("{9A19103F-16F7-4668-BE54-9A1E7A4F7556}") = "SS.Organizations.Domain", "SS.Organization.Domain\SS.Organizations.Domain.csproj", "{90822105-BC21-4A1F-9095-B77D3EE61F97}"
EndProject
Project("{9A19103F-16F7-4668-BE54-9A1E7A4F7556}") = "SS.Organizations.Application", "SS.Organization.Application\SS.Organizations.Application.csproj", "{7214CCC0-9780-489F-BCB2-BAF8A445338E}"
EndProject
Project("{9A19103F-16F7-4668-BE54-9A1E7A4F7556}") = "SS.Organizations.Infrastructure", "SS.Organization.Infrastructure\SS.Organizations.Infrastructure.csproj", "{6C118016-F018-4926-A630-784A451F3DC5}"
EndProject
Project("{9A19103F-16F7-4668-BE54-9A1E7A4F7556}") = "SS.Infrastructure.ModuleClient", "SS.Infrastructure.ModuleClient\SS.Infrastructure.ModuleClient.csproj", "{BC953EBE-7DD0-4849-8175-8C0FB77BE01F}"
EndProject
Project("{9A19103F-16F7-4668-BE54-9A1E7A4F7556}") = "SS.Infrastructure.EventBus", "SS.Infrastructure.EventBus\SS.Infrastructure.EventBus.csproj", "{3982E92F-CCE2-4840-BCE5-8CF0C5E62DCD}"
EndProject
Project("{9A19103F-16F7-4668-BE54-9A1E7A4F7556}") = "SS.Users.IntegrationEvents", "SS.IntegrationEvents\SS.Users.IntegrationEvents.csproj", "{07BD1028-26FE-4837-AEFA-74C2C21133CE}"
EndProject
Project("{9A19103F-16F7-4668-BE54-9A1E7A4F7556}") = "SS.Organizations.IntegrationEvents", "SS.Organization.IntegrationEvents\SS.Organizations.IntegrationEvents.csproj", "{E8318B25-167E-41A5-A351-89CBEEA0BEC0}"
EndProject
Project("{9A19103F-16F7-4668-BE54-9A1E7A4F7556}") = "SS.Collections.IntegrationEvents", "SS.Collection.IntegrationEvents\SS.Collections.IntegrationEvents.csproj", "{B37D5818-3825-477A-8D4C-F657A3A04F50}"
EndProject
Project("{9A19103F-16F7-4668-BE54-9A1E7A4F7556}") = "SS.Infrastructure.GrantStore", "SS.Infrastructure.GrantStore\SS.Infrastructure.GrantStore.csproj", "{2ACA1DA3-626F-4E24-BB5D-941F378072C6}"
EndProject
Project("{FAE04EC0-301F-11D3-BF4B-00C04F79EFBC}") = "SS.Collections.Domain.Tests", "SS.Collection.Domain.Tests\SS.Collections.Domain.Tests.csproj", "{FB0E0365-E0D6-4204-88BB-ABFA6679B063}"
EndProject
Global
	GlobalSection(SolutionConfigurationPlatforms) = preSolution
		Debug|Any CPU = Debug|Any CPU
		Release|Any CPU = Release|Any CPU
	EndGlobalSection
	GlobalSection(ProjectConfigurationPlatforms) = postSolution
		{13B1A3D0-03D2-4C6D-B264-5E5EA7E0A599}.Debug|Any CPU.ActiveCfg = Debug|Any CPU
		{13B1A3D0-03D2-4C6D-B264-5E5EA7E0A599}.Debug|Any CPU.Build.0 = Debug|Any CPU
		{13B1A3D0-03D2-4C6D-B264-5E5EA7E0A599}.Release|Any CPU.ActiveCfg = Release|Any CPU
		{13B1A3D0-03D2-4C6D-B264-5E5EA7E0A599}.Release|Any CPU.Build.0 = Release|Any CPU
		{926142D8-E0E6-485B-B97B-442DAF3D3F33}.Debug|Any CPU.ActiveCfg = Debug|Any CPU
		{926142D8-E0E6-485B-B97B-442DAF3D3F33}.Debug|Any CPU.Build.0 = Debug|Any CPU
		{926142D8-E0E6-485B-B97B-442DAF3D3F33}.Release|Any CPU.ActiveCfg = Release|Any CPU
		{926142D8-E0E6-485B-B97B-442DAF3D3F33}.Release|Any CPU.Build.0 = Release|Any CPU
		{8EB9D8A1-6FF8-4914-9C61-5FF533CE1F1A}.Debug|Any CPU.ActiveCfg = Debug|Any CPU
		{8EB9D8A1-6FF8-4914-9C61-5FF533CE1F1A}.Debug|Any CPU.Build.0 = Debug|Any CPU
		{8EB9D8A1-6FF8-4914-9C61-5FF533CE1F1A}.Release|Any CPU.ActiveCfg = Release|Any CPU
		{8EB9D8A1-6FF8-4914-9C61-5FF533CE1F1A}.Release|Any CPU.Build.0 = Release|Any CPU
		{D6C22E5C-E692-415B-B89A-CF499C20CCAD}.Debug|Any CPU.ActiveCfg = Debug|Any CPU
		{D6C22E5C-E692-415B-B89A-CF499C20CCAD}.Debug|Any CPU.Build.0 = Debug|Any CPU
		{D6C22E5C-E692-415B-B89A-CF499C20CCAD}.Release|Any CPU.ActiveCfg = Release|Any CPU
		{D6C22E5C-E692-415B-B89A-CF499C20CCAD}.Release|Any CPU.Build.0 = Release|Any CPU
		{373764FA-A089-494E-9228-9B5B7E84D2F5}.Debug|Any CPU.ActiveCfg = Debug|Any CPU
		{373764FA-A089-494E-9228-9B5B7E84D2F5}.Debug|Any CPU.Build.0 = Debug|Any CPU
		{373764FA-A089-494E-9228-9B5B7E84D2F5}.Release|Any CPU.ActiveCfg = Release|Any CPU
		{373764FA-A089-494E-9228-9B5B7E84D2F5}.Release|Any CPU.Build.0 = Release|Any CPU
		{F6010089-4ADC-463D-8145-69B34B093DB2}.Debug|Any CPU.ActiveCfg = Debug|Any CPU
		{F6010089-4ADC-463D-8145-69B34B093DB2}.Debug|Any CPU.Build.0 = Debug|Any CPU
		{F6010089-4ADC-463D-8145-69B34B093DB2}.Release|Any CPU.ActiveCfg = Release|Any CPU
		{F6010089-4ADC-463D-8145-69B34B093DB2}.Release|Any CPU.Build.0 = Release|Any CPU
		{19E6D264-83AA-4B8C-8E53-A00E6AEECD16}.Debug|Any CPU.ActiveCfg = Debug|Any CPU
		{19E6D264-83AA-4B8C-8E53-A00E6AEECD16}.Debug|Any CPU.Build.0 = Debug|Any CPU
		{19E6D264-83AA-4B8C-8E53-A00E6AEECD16}.Release|Any CPU.ActiveCfg = Release|Any CPU
		{19E6D264-83AA-4B8C-8E53-A00E6AEECD16}.Release|Any CPU.Build.0 = Release|Any CPU
		{420D341D-4C71-4798-963F-202ECBBB7160}.Debug|Any CPU.ActiveCfg = Debug|Any CPU
		{420D341D-4C71-4798-963F-202ECBBB7160}.Debug|Any CPU.Build.0 = Debug|Any CPU
		{420D341D-4C71-4798-963F-202ECBBB7160}.Release|Any CPU.ActiveCfg = Release|Any CPU
		{420D341D-4C71-4798-963F-202ECBBB7160}.Release|Any CPU.Build.0 = Release|Any CPU
		{C183C4F2-8B20-4375-9A40-63FFFF29789F}.Debug|Any CPU.ActiveCfg = Debug|Any CPU
		{C183C4F2-8B20-4375-9A40-63FFFF29789F}.Debug|Any CPU.Build.0 = Debug|Any CPU
		{C183C4F2-8B20-4375-9A40-63FFFF29789F}.Release|Any CPU.ActiveCfg = Release|Any CPU
		{C183C4F2-8B20-4375-9A40-63FFFF29789F}.Release|Any CPU.Build.0 = Release|Any CPU
		{DB388D85-E0A0-41AD-B828-BC3ACBD23A24}.Debug|Any CPU.ActiveCfg = Debug|Any CPU
		{DB388D85-E0A0-41AD-B828-BC3ACBD23A24}.Debug|Any CPU.Build.0 = Debug|Any CPU
		{DB388D85-E0A0-41AD-B828-BC3ACBD23A24}.Release|Any CPU.ActiveCfg = Release|Any CPU
		{DB388D85-E0A0-41AD-B828-BC3ACBD23A24}.Release|Any CPU.Build.0 = Release|Any CPU
		{0DF85742-D180-4599-A43D-BFAFFAC71351}.Debug|Any CPU.ActiveCfg = Debug|Any CPU
		{0DF85742-D180-4599-A43D-BFAFFAC71351}.Debug|Any CPU.Build.0 = Debug|Any CPU
		{0DF85742-D180-4599-A43D-BFAFFAC71351}.Release|Any CPU.ActiveCfg = Release|Any CPU
		{0DF85742-D180-4599-A43D-BFAFFAC71351}.Release|Any CPU.Build.0 = Release|Any CPU
		{34B0D203-38FF-472C-9A9A-8228F430F661}.Debug|Any CPU.ActiveCfg = Debug|Any CPU
		{34B0D203-38FF-472C-9A9A-8228F430F661}.Debug|Any CPU.Build.0 = Debug|Any CPU
		{34B0D203-38FF-472C-9A9A-8228F430F661}.Release|Any CPU.ActiveCfg = Release|Any CPU
		{34B0D203-38FF-472C-9A9A-8228F430F661}.Release|Any CPU.Build.0 = Release|Any CPU
		{F9A9DE3E-4514-4EB3-9FEE-48D203B63479}.Debug|Any CPU.ActiveCfg = Debug|Any CPU
		{F9A9DE3E-4514-4EB3-9FEE-48D203B63479}.Debug|Any CPU.Build.0 = Debug|Any CPU
		{F9A9DE3E-4514-4EB3-9FEE-48D203B63479}.Release|Any CPU.ActiveCfg = Release|Any CPU
		{F9A9DE3E-4514-4EB3-9FEE-48D203B63479}.Release|Any CPU.Build.0 = Release|Any CPU
		{9B99E7B8-CF25-434E-ABB0-4B16B2B1AE9F}.Debug|Any CPU.ActiveCfg = Debug|Any CPU
		{9B99E7B8-CF25-434E-ABB0-4B16B2B1AE9F}.Debug|Any CPU.Build.0 = Debug|Any CPU
		{9B99E7B8-CF25-434E-ABB0-4B16B2B1AE9F}.Release|Any CPU.ActiveCfg = Release|Any CPU
		{9B99E7B8-CF25-434E-ABB0-4B16B2B1AE9F}.Release|Any CPU.Build.0 = Release|Any CPU
		{BAB51317-313C-4402-8849-F532C1DAEA3E}.Debug|Any CPU.ActiveCfg = Debug|Any CPU
		{BAB51317-313C-4402-8849-F532C1DAEA3E}.Debug|Any CPU.Build.0 = Debug|Any CPU
		{BAB51317-313C-4402-8849-F532C1DAEA3E}.Release|Any CPU.ActiveCfg = Release|Any CPU
		{BAB51317-313C-4402-8849-F532C1DAEA3E}.Release|Any CPU.Build.0 = Release|Any CPU
		{90822105-BC21-4A1F-9095-B77D3EE61F97}.Debug|Any CPU.ActiveCfg = Debug|Any CPU
		{90822105-BC21-4A1F-9095-B77D3EE61F97}.Debug|Any CPU.Build.0 = Debug|Any CPU
		{90822105-BC21-4A1F-9095-B77D3EE61F97}.Release|Any CPU.ActiveCfg = Release|Any CPU
		{90822105-BC21-4A1F-9095-B77D3EE61F97}.Release|Any CPU.Build.0 = Release|Any CPU
		{7214CCC0-9780-489F-BCB2-BAF8A445338E}.Debug|Any CPU.ActiveCfg = Debug|Any CPU
		{7214CCC0-9780-489F-BCB2-BAF8A445338E}.Debug|Any CPU.Build.0 = Debug|Any CPU
		{7214CCC0-9780-489F-BCB2-BAF8A445338E}.Release|Any CPU.ActiveCfg = Release|Any CPU
		{7214CCC0-9780-489F-BCB2-BAF8A445338E}.Release|Any CPU.Build.0 = Release|Any CPU
		{6C118016-F018-4926-A630-784A451F3DC5}.Debug|Any CPU.ActiveCfg = Debug|Any CPU
		{6C118016-F018-4926-A630-784A451F3DC5}.Debug|Any CPU.Build.0 = Debug|Any CPU
		{6C118016-F018-4926-A630-784A451F3DC5}.Release|Any CPU.ActiveCfg = Release|Any CPU
		{6C118016-F018-4926-A630-784A451F3DC5}.Release|Any CPU.Build.0 = Release|Any CPU
		{BC953EBE-7DD0-4849-8175-8C0FB77BE01F}.Debug|Any CPU.ActiveCfg = Debug|Any CPU
		{BC953EBE-7DD0-4849-8175-8C0FB77BE01F}.Debug|Any CPU.Build.0 = Debug|Any CPU
		{BC953EBE-7DD0-4849-8175-8C0FB77BE01F}.Release|Any CPU.ActiveCfg = Release|Any CPU
		{BC953EBE-7DD0-4849-8175-8C0FB77BE01F}.Release|Any CPU.Build.0 = Release|Any CPU
		{3982E92F-CCE2-4840-BCE5-8CF0C5E62DCD}.Debug|Any CPU.ActiveCfg = Debug|Any CPU
		{3982E92F-CCE2-4840-BCE5-8CF0C5E62DCD}.Debug|Any CPU.Build.0 = Debug|Any CPU
		{3982E92F-CCE2-4840-BCE5-8CF0C5E62DCD}.Release|Any CPU.ActiveCfg = Release|Any CPU
		{3982E92F-CCE2-4840-BCE5-8CF0C5E62DCD}.Release|Any CPU.Build.0 = Release|Any CPU
		{07BD1028-26FE-4837-AEFA-74C2C21133CE}.Debug|Any CPU.ActiveCfg = Debug|Any CPU
		{07BD1028-26FE-4837-AEFA-74C2C21133CE}.Debug|Any CPU.Build.0 = Debug|Any CPU
		{07BD1028-26FE-4837-AEFA-74C2C21133CE}.Release|Any CPU.ActiveCfg = Release|Any CPU
		{07BD1028-26FE-4837-AEFA-74C2C21133CE}.Release|Any CPU.Build.0 = Release|Any CPU
		{E8318B25-167E-41A5-A351-89CBEEA0BEC0}.Debug|Any CPU.ActiveCfg = Debug|Any CPU
		{E8318B25-167E-41A5-A351-89CBEEA0BEC0}.Debug|Any CPU.Build.0 = Debug|Any CPU
		{E8318B25-167E-41A5-A351-89CBEEA0BEC0}.Release|Any CPU.ActiveCfg = Release|Any CPU
		{E8318B25-167E-41A5-A351-89CBEEA0BEC0}.Release|Any CPU.Build.0 = Release|Any CPU
		{B37D5818-3825-477A-8D4C-F657A3A04F50}.Debug|Any CPU.ActiveCfg = Debug|Any CPU
		{B37D5818-3825-477A-8D4C-F657A3A04F50}.Debug|Any CPU.Build.0 = Debug|Any CPU
		{B37D5818-3825-477A-8D4C-F657A3A04F50}.Release|Any CPU.ActiveCfg = Release|Any CPU
		{B37D5818-3825-477A-8D4C-F657A3A04F50}.Release|Any CPU.Build.0 = Release|Any CPU
		{2ACA1DA3-626F-4E24-BB5D-941F378072C6}.Debug|Any CPU.ActiveCfg = Debug|Any CPU
		{2ACA1DA3-626F-4E24-BB5D-941F378072C6}.Debug|Any CPU.Build.0 = Debug|Any CPU
		{2ACA1DA3-626F-4E24-BB5D-941F378072C6}.Release|Any CPU.ActiveCfg = Release|Any CPU
		{2ACA1DA3-626F-4E24-BB5D-941F378072C6}.Release|Any CPU.Build.0 = Release|Any CPU
		{FB0E0365-E0D6-4204-88BB-ABFA6679B063}.Debug|Any CPU.ActiveCfg = Debug|Any CPU
		{FB0E0365-E0D6-4204-88BB-ABFA6679B063}.Debug|Any CPU.Build.0 = Debug|Any CPU
		{FB0E0365-E0D6-4204-88BB-ABFA6679B063}.Release|Any CPU.ActiveCfg = Release|Any CPU
		{FB0E0365-E0D6-4204-88BB-ABFA6679B063}.Release|Any CPU.Build.0 = Release|Any CPU
	EndGlobalSection
	GlobalSection(SolutionProperties) = preSolution
		HideSolutionNode = FALSE
	EndGlobalSection
	GlobalSection(NestedProjects) = preSolution
		{13B1A3D0-03D2-4C6D-B264-5E5EA7E0A599} = {3CE8E58B-52F6-48F4-BC20-4C544D709401}
		{926142D8-E0E6-485B-B97B-442DAF3D3F33} = {3CE8E58B-52F6-48F4-BC20-4C544D709401}
		{8EB9D8A1-6FF8-4914-9C61-5FF533CE1F1A} = {E514B23F-0E0E-44FC-8A5F-CF7C87798BAD}
		{9D5677D5-E217-481C-9CE8-9814091B5CA3} = {3119EA84-87AC-4132-8EC8-16EC29E3591E}
		{D6C22E5C-E692-415B-B89A-CF499C20CCAD} = {9D5677D5-E217-481C-9CE8-9814091B5CA3}
		{373764FA-A089-494E-9228-9B5B7E84D2F5} = {9D5677D5-E217-481C-9CE8-9814091B5CA3}
		{F6010089-4ADC-463D-8145-69B34B093DB2} = {9D5677D5-E217-481C-9CE8-9814091B5CA3}
		{3CE8E58B-52F6-48F4-BC20-4C544D709401} = {3119EA84-87AC-4132-8EC8-16EC29E3591E}
		{19E6D264-83AA-4B8C-8E53-A00E6AEECD16} = {CB4A5D5D-630D-483F-A59C-518650F8D884}
		{420D341D-4C71-4798-963F-202ECBBB7160} = {9D5677D5-E217-481C-9CE8-9814091B5CA3}
		{5E7CD489-B23D-4C46-B635-7AD227C6AE34} = {E514B23F-0E0E-44FC-8A5F-CF7C87798BAD}
		{C183C4F2-8B20-4375-9A40-63FFFF29789F} = {5E7CD489-B23D-4C46-B635-7AD227C6AE34}
		{DB388D85-E0A0-41AD-B828-BC3ACBD23A24} = {9BC1727A-75B7-408C-9BD9-B1C854F77DD0}
		{D1D42FAC-AEDB-415E-B46C-A7F97FD85156} = {3119EA84-87AC-4132-8EC8-16EC29E3591E}
		{0DF85742-D180-4599-A43D-BFAFFAC71351} = {D1D42FAC-AEDB-415E-B46C-A7F97FD85156}
		{34B0D203-38FF-472C-9A9A-8228F430F661} = {D1D42FAC-AEDB-415E-B46C-A7F97FD85156}
		{F9A9DE3E-4514-4EB3-9FEE-48D203B63479} = {D1D42FAC-AEDB-415E-B46C-A7F97FD85156}
		{9B99E7B8-CF25-434E-ABB0-4B16B2B1AE9F} = {5E7CD489-B23D-4C46-B635-7AD227C6AE34}
		{9BC1727A-75B7-408C-9BD9-B1C854F77DD0} = {3119EA84-87AC-4132-8EC8-16EC29E3591E}
		{90822105-BC21-4A1F-9095-B77D3EE61F97} = {9BC1727A-75B7-408C-9BD9-B1C854F77DD0}
		{7214CCC0-9780-489F-BCB2-BAF8A445338E} = {9BC1727A-75B7-408C-9BD9-B1C854F77DD0}
		{6C118016-F018-4926-A630-784A451F3DC5} = {9BC1727A-75B7-408C-9BD9-B1C854F77DD0}
		{BC953EBE-7DD0-4849-8175-8C0FB77BE01F} = {5E7CD489-B23D-4C46-B635-7AD227C6AE34}
		{3982E92F-CCE2-4840-BCE5-8CF0C5E62DCD} = {5E7CD489-B23D-4C46-B635-7AD227C6AE34}
		{07BD1028-26FE-4837-AEFA-74C2C21133CE} = {9D5677D5-E217-481C-9CE8-9814091B5CA3}
		{E8318B25-167E-41A5-A351-89CBEEA0BEC0} = {9BC1727A-75B7-408C-9BD9-B1C854F77DD0}
		{B37D5818-3825-477A-8D4C-F657A3A04F50} = {D1D42FAC-AEDB-415E-B46C-A7F97FD85156}
		{2ACA1DA3-626F-4E24-BB5D-941F378072C6} = {5E7CD489-B23D-4C46-B635-7AD227C6AE34}
		{FB0E0365-E0D6-4204-88BB-ABFA6679B063} = {D1D42FAC-AEDB-415E-B46C-A7F97FD85156}
	EndGlobalSection
	GlobalSection(ExtensibilityGlobals) = postSolution
		SolutionGuid = {11A23A0A-206A-4827-BBE8-CE44979FDDCE}
	EndGlobalSection
EndGlobal
